// !$*UTF8*$!
{
	archiveVersion = 1;
	classes = {
	};
	objectVersion = 56;
	objects = {

/* Begin PBXBuildFile section */
		901A81292B02A8410037C70C /* ProductAPIYoutubeApp.swift in Sources */ = {isa = PBXBuildFile; fileRef = 901A81282B02A8410037C70C /* ProductAPIYoutubeApp.swift */; };
		901A812D2B02A8430037C70C /* Assets.xcassets in Resources */ = {isa = PBXBuildFile; fileRef = 901A812C2B02A8430037C70C /* Assets.xcassets */; };
		901A81302B02A8430037C70C /* Preview Assets.xcassets in Resources */ = {isa = PBXBuildFile; fileRef = 901A812F2B02A8430037C70C /* Preview Assets.xcassets */; };
		901A81372B02A8990037C70C /* APIManager.swift in Sources */ = {isa = PBXBuildFile; fileRef = 901A81362B02A8990037C70C /* APIManager.swift */; };
		901A81392B02AAE50037C70C /* Product.swift in Sources */ = {isa = PBXBuildFile; fileRef = 901A81382B02AAE50037C70C /* Product.swift */; };
		901A813B2B02AB700037C70C /* ProductViewModel.swift in Sources */ = {isa = PBXBuildFile; fileRef = 901A813A2B02AB700037C70C /* ProductViewModel.swift */; };
		901A813D2B02AE430037C70C /* ProductView.swift in Sources */ = {isa = PBXBuildFile; fileRef = 901A813C2B02AE430037C70C /* ProductView.swift */; };
		901A813F2B02AEE50037C70C /* ProductRowView.swift in Sources */ = {isa = PBXBuildFile; fileRef = 901A813E2B02AEE50037C70C /* ProductRowView.swift */; };
		901A81412B02B33B0037C70C /* Double+Extension.swift in Sources */ = {isa = PBXBuildFile; fileRef = 901A81402B02B33B0037C70C /* Double+Extension.swift */; };
		905FA73B2B06DDDF00F6469F /* ProductDetailsView.swift in Sources */ = {isa = PBXBuildFile; fileRef = 905FA73A2B06DDDF00F6469F /* ProductDetailsView.swift */; };
		905FA73D2B06E7A800F6469F /* AsyncImageView.swift in Sources */ = {isa = PBXBuildFile; fileRef = 905FA73C2B06E7A800F6469F /* AsyncImageView.swift */; };
/* End PBXBuildFile section */

/* Begin PBXFileReference section */
		901A81252B02A8410037C70C /* ProductAPIYoutube.app */ = {isa = PBXFileReference; explicitFileType = wrapper.application; includeInIndex = 0; path = ProductAPIYoutube.app; sourceTree = BUILT_PRODUCTS_DIR; };
		901A81282B02A8410037C70C /* ProductAPIYoutubeApp.swift */ = {isa = PBXFileReference; lastKnownFileType = sourcecode.swift; path = ProductAPIYoutubeApp.swift; sourceTree = "<group>"; };
		901A812C2B02A8430037C70C /* Assets.xcassets */ = {isa = PBXFileReference; lastKnownFileType = folder.assetcatalog; path = Assets.xcassets; sourceTree = "<group>"; };
		901A812F2B02A8430037C70C /* Preview Assets.xcassets */ = {isa = PBXFileReference; lastKnownFileType = folder.assetcatalog; path = "Preview Assets.xcassets"; sourceTree = "<group>"; };
		901A81362B02A8990037C70C /* APIManager.swift */ = {isa = PBXFileReference; lastKnownFileType = sourcecode.swift; path = APIManager.swift; sourceTree = "<group>"; };
		901A81382B02AAE50037C70C /* Product.swift */ = {isa = PBXFileReference; lastKnownFileType = sourcecode.swift; path = Product.swift; sourceTree = "<group>"; };
		901A813A2B02AB700037C70C /* ProductViewModel.swift */ = {isa = PBXFileReference; lastKnownFileType = sourcecode.swift; path = ProductViewModel.swift; sourceTree = "<group>"; };
		901A813C2B02AE430037C70C /* ProductView.swift */ = {isa = PBXFileReference; lastKnownFileType = sourcecode.swift; path = ProductView.swift; sourceTree = "<group>"; };
		901A813E2B02AEE50037C70C /* ProductRowView.swift */ = {isa = PBXFileReference; lastKnownFileType = sourcecode.swift; path = ProductRowView.swift; sourceTree = "<group>"; };
		901A81402B02B33B0037C70C /* Double+Extension.swift */ = {isa = PBXFileReference; lastKnownFileType = sourcecode.swift; path = "Double+Extension.swift"; sourceTree = "<group>"; };
		905FA73A2B06DDDF00F6469F /* ProductDetailsView.swift */ = {isa = PBXFileReference; lastKnownFileType = sourcecode.swift; path = ProductDetailsView.swift; sourceTree = "<group>"; };
		905FA73C2B06E7A800F6469F /* AsyncImageView.swift */ = {isa = PBXFileReference; lastKnownFileType = sourcecode.swift; path = AsyncImageView.swift; sourceTree = "<group>"; };
/* End PBXFileReference section */

/* Begin PBXFrameworksBuildPhase section */
		901A81222B02A8410037C70C /* Frameworks */ = {
			isa = PBXFrameworksBuildPhase;
			buildActionMask = 2147483647;
			files = (
			);
			runOnlyForDeploymentPostprocessing = 0;
		};
/* End PBXFrameworksBuildPhase section */

/* Begin PBXGroup section */
		901A811C2B02A8410037C70C = {
			isa = PBXGroup;
			children = (
				901A81272B02A8410037C70C /* ProductAPIYoutube */,
				901A81262B02A8410037C70C /* Products */,
			);
			sourceTree = "<group>";
		};
		901A81262B02A8410037C70C /* Products */ = {
			isa = PBXGroup;
			children = (
				901A81252B02A8410037C70C /* ProductAPIYoutube.app */,
			);
			name = Products;
			sourceTree = "<group>";
		};
		901A81272B02A8410037C70C /* ProductAPIYoutube */ = {
			isa = PBXGroup;
			children = (
				901A81282B02A8410037C70C /* ProductAPIYoutubeApp.swift */,
				901A812C2B02A8430037C70C /* Assets.xcassets */,
				901A812E2B02A8430037C70C /* Preview Content */,
				901A81362B02A8990037C70C /* APIManager.swift */,
				901A81382B02AAE50037C70C /* Product.swift */,
				901A813A2B02AB700037C70C /* ProductViewModel.swift */,
				901A813C2B02AE430037C70C /* ProductView.swift */,
				901A813E2B02AEE50037C70C /* ProductRowView.swift */,
				901A81402B02B33B0037C70C /* Double+Extension.swift */,
				905FA73A2B06DDDF00F6469F /* ProductDetailsView.swift */,
				905FA73C2B06E7A800F6469F /* AsyncImageView.swift */,
			);
			path = ProductAPIYoutube;
			sourceTree = "<group>";
		};
		901A812E2B02A8430037C70C /* Preview Content */ = {
			isa = PBXGroup;
			children = (
				901A812F2B02A8430037C70C /* Preview Assets.xcassets */,
			);
			path = "Preview Content";
			sourceTree = "<group>";
		};
/* End PBXGroup section */

/* Begin PBXNativeTarget section */
		901A81242B02A8410037C70C /* ProductAPIYoutube */ = {
			isa = PBXNativeTarget;
			buildConfigurationList = 901A81332B02A8430037C70C /* Build configuration list for PBXNativeTarget "ProductAPIYoutube" */;
			buildPhases = (
				901A81212B02A8410037C70C /* Sources */,
				901A81222B02A8410037C70C /* Frameworks */,
				901A81232B02A8410037C70C /* Resources */,
			);
			buildRules = (
			);
			dependencies = (
			);
			name = ProductAPIYoutube;
			productName = ProductAPIYoutube;
			productReference = 901A81252B02A8410037C70C /* ProductAPIYoutube.app */;
			productType = "com.apple.product-type.application";
		};
/* End PBXNativeTarget section */

/* Begin PBXProject section */
		901A811D2B02A8410037C70C /* Project object */ = {
			isa = PBXProject;
			attributes = {
				BuildIndependentTargetsInParallel = 1;
				LastSwiftUpdateCheck = 1500;
				LastUpgradeCheck = 1500;
				TargetAttributes = {
					901A81242B02A8410037C70C = {
						CreatedOnToolsVersion = 15.0;
					};
				};
			};
			buildConfigurationList = 901A81202B02A8410037C70C /* Build configuration list for PBXProject "ProductAPIYoutube" */;
			compatibilityVersion = "Xcode 14.0";
			developmentRegion = en;
			hasScannedForEncodings = 0;
			knownRegions = (
				en,
				Base,
			);
			mainGroup = 901A811C2B02A8410037C70C;
			productRefGroup = 901A81262B02A8410037C70C /* Products */;
			projectDirPath = "";
			projectRoot = "";
			targets = (
				901A81242B02A8410037C70C /* ProductAPIYoutube */,
			);
		};
/* End PBXProject section */

/* Begin PBXResourcesBuildPhase section */
		901A81232B02A8410037C70C /* Resources */ = {
			isa = PBXResourcesBuildPhase;
			buildActionMask = 2147483647;
			files = (
				901A81302B02A8430037C70C /* Preview Assets.xcassets in Resources */,
				901A812D2B02A8430037C70C /* Assets.xcassets in Resources */,
			);
			runOnlyForDeploymentPostprocessing = 0;
		};
/* End PBXResourcesBuildPhase section */

/* Begin PBXSourcesBuildPhase section */
		901A81212B02A8410037C70C /* Sources */ = {
			isa = PBXSourcesBuildPhase;
			buildActionMask = 2147483647;
			files = (
				901A813D2B02AE430037C70C /* ProductView.swift in Sources */,
				901A813F2B02AEE50037C70C /* ProductRowView.swift in Sources */,
				901A81412B02B33B0037C70C /* Double+Extension.swift in Sources */,
				901A81372B02A8990037C70C /* APIManager.swift in Sources */,
				901A81392B02AAE50037C70C /* Product.swift in Sources */,
				905FA73D2B06E7A800F6469F /* AsyncImageView.swift in Sources */,
				905FA73B2B06DDDF00F6469F /* ProductDetailsView.swift in Sources */,
				901A81292B02A8410037C70C /* ProductAPIYoutubeApp.swift in Sources */,
				901A813B2B02AB700037C70C /* ProductViewModel.swift in Sources */,
			);
			runOnlyForDeploymentPostprocessing = 0;
		};
/* End PBXSourcesBuildPhase section */

/* Begin XCBuildConfiguration section */
		901A81312B02A8430037C70C /* Debug */ = {
			isa = XCBuildConfiguration;
			buildSettings = {
				ALWAYS_SEARCH_USER_PATHS = NO;
				ASSETCATALOG_COMPILER_GENERATE_SWIFT_ASSET_SYMBOL_EXTENSIONS = YES;
				CLANG_ANALYZER_NONNULL = YES;
				CLANG_ANALYZER_NUMBER_OBJECT_CONVERSION = YES_AGGRESSIVE;
				CLANG_CXX_LANGUAGE_STANDARD = "gnu++20";
				CLANG_ENABLE_MODULES = YES;
				CLANG_ENABLE_OBJC_ARC = YES;
				CLANG_ENABLE_OBJC_WEAK = YES;
				CLANG_WARN_BLOCK_CAPTURE_AUTORELEASING = YES;
				CLANG_WARN_BOOL_CONVERSION = YES;
				CLANG_WARN_COMMA = YES;
				CLANG_WARN_CONSTANT_CONVERSION = YES;
				CLANG_WARN_DEPRECATED_OBJC_IMPLEMENTATIONS = YES;
				CLANG_WARN_DIRECT_OBJC_ISA_USAGE = YES_ERROR;
				CLANG_WARN_DOCUMENTATION_COMMENTS = YES;
				CLANG_WARN_EMPTY_BODY = YES;
				CLANG_WARN_ENUM_CONVERSION = YES;
				CLANG_WARN_INFINITE_RECURSION = YES;
				CLANG_WARN_INT_CONVERSION = YES;
				CLANG_WARN_NON_LITERAL_NULL_CONVERSION = YES;
				CLANG_WARN_OBJC_IMPLICIT_RETAIN_SELF = YES;
				CLANG_WARN_OBJC_LITERAL_CONVERSION = YES;
				CLANG_WARN_OBJC_ROOT_CLASS = YES_ERROR;
				CLANG_WARN_QUOTED_INCLUDE_IN_FRAMEWORK_HEADER = YES;
				CLANG_WARN_RANGE_LOOP_ANALYSIS = YES;
				CLANG_WARN_STRICT_PROTOTYPES = YES;
				CLANG_WARN_SUSPICIOUS_MOVE = YES;
				CLANG_WARN_UNGUARDED_AVAILABILITY = YES_AGGRESSIVE;
				CLANG_WARN_UNREACHABLE_CODE = YES;
				CLANG_WARN__DUPLICATE_METHOD_MATCH = YES;
				COPY_PHASE_STRIP = NO;
				DEBUG_INFORMATION_FORMAT = dwarf;
				ENABLE_STRICT_OBJC_MSGSEND = YES;
				ENABLE_TESTABILITY = YES;
				ENABLE_USER_SCRIPT_SANDBOXING = YES;
				GCC_C_LANGUAGE_STANDARD = gnu17;
				GCC_DYNAMIC_NO_PIC = NO;
				GCC_NO_COMMON_BLOCKS = YES;
				GCC_OPTIMIZATION_LEVEL = 0;
				GCC_PREPROCESSOR_DEFINITIONS = (
					"DEBUG=1",
					"$(inherited)",
				);
				GCC_WARN_64_TO_32_BIT_CONVERSION = YES;
				GCC_WARN_ABOUT_RETURN_TYPE = YES_ERROR;
				GCC_WARN_UNDECLARED_SELECTOR = YES;
				GCC_WARN_UNINITIALIZED_AUTOS = YES_AGGRESSIVE;
				GCC_WARN_UNUSED_FUNCTION = YES;
				GCC_WARN_UNUSED_VARIABLE = YES;
				IPHONEOS_DEPLOYMENT_TARGET = 17.0;
				LOCALIZATION_PREFERS_STRING_CATALOGS = YES;
				MTL_ENABLE_DEBUG_INFO = INCLUDE_SOURCE;
				MTL_FAST_MATH = YES;
				ONLY_ACTIVE_ARCH = YES;
				SDKROOT = iphoneos;
				SWIFT_ACTIVE_COMPILATION_CONDITIONS = "DEBUG $(inherited)";
				SWIFT_OPTIMIZATION_LEVEL = "-Onone";
			};
			name = Debug;
		};
		901A81322B02A8430037C70C /* Release */ = {
			isa = XCBuildConfiguration;
			buildSettings = {
				ALWAYS_SEARCH_USER_PATHS = NO;
				ASSETCATALOG_COMPILER_GENERATE_SWIFT_ASSET_SYMBOL_EXTENSIONS = YES;
				CLANG_ANALYZER_NONNULL = YES;
				CLANG_ANALYZER_NUMBER_OBJECT_CONVERSION = YES_AGGRESSIVE;
				CLANG_CXX_LANGUAGE_STANDARD = "gnu++20";
				CLANG_ENABLE_MODULES = YES;
				CLANG_ENABLE_OBJC_ARC = YES;
				CLANG_ENABLE_OBJC_WEAK = YES;
				CLANG_WARN_BLOCK_CAPTURE_AUTORELEASING = YES;
				CLANG_WARN_BOOL_CONVERSION = YES;
				CLANG_WARN_COMMA = YES;
				CLANG_WARN_CONSTANT_CONVERSION = YES;
				CLANG_WARN_DEPRECATED_OBJC_IMPLEMENTATIONS = YES;
				CLANG_WARN_DIRECT_OBJC_ISA_USAGE = YES_ERROR;
				CLANG_WARN_DOCUMENTATION_COMMENTS = YES;
				CLANG_WARN_EMPTY_BODY = YES;
				CLANG_WARN_ENUM_CONVERSION = YES;
				CLANG_WARN_INFINITE_RECURSION = YES;
				CLANG_WARN_INT_CONVERSION = YES;
				CLANG_WARN_NON_LITERAL_NULL_CONVERSION = YES;
				CLANG_WARN_OBJC_IMPLICIT_RETAIN_SELF = YES;
				CLANG_WARN_OBJC_LITERAL_CONVERSION = YES;
				CLANG_WARN_OBJC_ROOT_CLASS = YES_ERROR;
				CLANG_WARN_QUOTED_INCLUDE_IN_FRAMEWORK_HEADER = YES;
				CLANG_WARN_RANGE_LOOP_ANALYSIS = YES;
				CLANG_WARN_STRICT_PROTOTYPES = YES;
				CLANG_WARN_SUSPICIOUS_MOVE = YES;
				CLANG_WARN_UNGUARDED_AVAILABILITY = YES_AGGRESSIVE;
				CLANG_WARN_UNREACHABLE_CODE = YES;
				CLANG_WARN__DUPLICATE_METHOD_MATCH = YES;
				COPY_PHASE_STRIP = NO;
				DEBUG_INFORMATION_FORMAT = "dwarf-with-dsym";
				ENABLE_NS_ASSERTIONS = NO;
				ENABLE_STRICT_OBJC_MSGSEND = YES;
				ENABLE_USER_SCRIPT_SANDBOXING = YES;
				GCC_C_LANGUAGE_STANDARD = gnu17;
				GCC_NO_COMMON_BLOCKS = YES;
				GCC_WARN_64_TO_32_BIT_CONVERSION = YES;
				GCC_WARN_ABOUT_RETURN_TYPE = YES_ERROR;
				GCC_WARN_UNDECLARED_SELECTOR = YES;
				GCC_WARN_UNINITIALIZED_AUTOS = YES_AGGRESSIVE;
				GCC_WARN_UNUSED_FUNCTION = YES;
				GCC_WARN_UNUSED_VARIABLE = YES;
				IPHONEOS_DEPLOYMENT_TARGET = 17.0;
				LOCALIZATION_PREFERS_STRING_CATALOGS = YES;
				MTL_ENABLE_DEBUG_INFO = NO;
				MTL_FAST_MATH = YES;
				SDKROOT = iphoneos;
				SWIFT_COMPILATION_MODE = wholemodule;
				VALIDATE_PRODUCT = YES;
			};
			name = Release;
		};
		901A81342B02A8430037C70C /* Debug */ = {
			isa = XCBuildConfiguration;
			buildSettings = {
				ASSETCATALOG_COMPILER_APPICON_NAME = AppIcon;
				ASSETCATALOG_COMPILER_GLOBAL_ACCENT_COLOR_NAME = AccentColor;
				CODE_SIGN_STYLE = Automatic;
				CURRENT_PROJECT_VERSION = 1;
				DEVELOPMENT_ASSET_PATHS = "\"ProductAPIYoutube/Preview Content\"";
				DEVELOPMENT_TEAM = CF4QM4CNHN;
				ENABLE_PREVIEWS = YES;
				GENERATE_INFOPLIST_FILE = YES;
				INFOPLIST_KEY_UIApplicationSceneManifest_Generation = YES;
				INFOPLIST_KEY_UIApplicationSupportsIndirectInputEvents = YES;
				INFOPLIST_KEY_UILaunchScreen_Generation = YES;
				INFOPLIST_KEY_UISupportedInterfaceOrientations_iPad = "UIInterfaceOrientationPortrait UIInterfaceOrientationPortraitUpsideDown UIInterfaceOrientationLandscapeLeft UIInterfaceOrientationLandscapeRight";
				INFOPLIST_KEY_UISupportedInterfaceOrientations_iPhone = "UIInterfaceOrientationPortrait UIInterfaceOrientationLandscapeLeft UIInterfaceOrientationLandscapeRight";
				LD_RUNPATH_SEARCH_PATHS = (
					"$(inherited)",
					"@executable_path/Frameworks",
				);
				MARKETING_VERSION = 1.0;
				PRODUCT_BUNDLE_IDENTIFIER = com.yogeshpatel.ProductAPIYoutube;
				PRODUCT_NAME = "$(TARGET_NAME)";
				SWIFT_EMIT_LOC_STRINGS = YES;
				SWIFT_VERSION = 5.0;
				TARGETED_DEVICE_FAMILY = "1,2";
			};
			name = Debug;
		};
		901A81352B02A8430037C70C /* Release */ = {
			isa = XCBuildConfiguration;
			buildSettings = {
				ASSETCATALOG_COMPILER_APPICON_NAME = AppIcon;
				ASSETCATALOG_COMPILER_GLOBAL_ACCENT_COLOR_NAME = AccentColor;
				CODE_SIGN_STYLE = Automatic;
				CURRENT_PROJECT_VERSION = 1;
				DEVELOPMENT_ASSET_PATHS = "\"ProductAPIYoutube/Preview Content\"";
				DEVELOPMENT_TEAM = CF4QM4CNHN;
				ENABLE_PREVIEWS = YES;
				GENERATE_INFOPLIST_FILE = YES;
				INFOPLIST_KEY_UIApplicationSceneManifest_Generation = YES;
				INFOPLIST_KEY_UIApplicationSupportsIndirectInputEvents = YES;
				INFOPLIST_KEY_UILaunchScreen_Generation = YES;
				INFOPLIST_KEY_UISupportedInterfaceOrientations_iPad = "UIInterfaceOrientationPortrait UIInterfaceOrientationPortraitUpsideDown UIInterfaceOrientationLandscapeLeft UIInterfaceOrientationLandscapeRight";
				INFOPLIST_KEY_UISupportedInterfaceOrientations_iPhone = "UIInterfaceOrientationPortrait UIInterfaceOrientationLandscapeLeft UIInterfaceOrientationLandscapeRight";
				LD_RUNPATH_SEARCH_PATHS = (
					"$(inherited)",
					"@executable_path/Frameworks",
				);
				MARKETING_VERSION = 1.0;
				PRODUCT_BUNDLE_IDENTIFIER = com.yogeshpatel.ProductAPIYoutube;
				PRODUCT_NAME = "$(TARGET_NAME)";
				SWIFT_EMIT_LOC_STRINGS = YES;
				SWIFT_VERSION = 5.0;
				TARGETED_DEVICE_FAMILY = "1,2";
			};
			name = Release;
		};
/* End XCBuildConfiguration section */

/* Begin XCConfigurationList section */
		901A81202B02A8410037C70C /* Build configuration list for PBXProject "ProductAPIYoutube" */ = {
			isa = XCConfigurationList;
			buildConfigurations = (
				901A81312B02A8430037C70C /* Debug */,
				901A81322B02A8430037C70C /* Release */,
			);
			defaultConfigurationIsVisible = 0;
			defaultConfigurationName = Release;
		};
		901A81332B02A8430037C70C /* Build configuration list for PBXNativeTarget "ProductAPIYoutube" */ = {
			isa = XCConfigurationList;
			buildConfigurations = (
				901A81342B02A8430037C70C /* Debug */,
				901A81352B02A8430037C70C /* Release */,
			);
			defaultConfigurationIsVisible = 0;
			defaultConfigurationName = Release;
		};
/* End XCConfigurationList section */
	};
	rootObject = 901A811D2B02A8410037C70C /* Project object */;
}
